
Microsoft Visual Studio Solution File, Format Version 12.00
# Visual Studio Version 17
VisualStudioVersion = 17.0.31912.275
MinimumVisualStudioVersion = 10.0.40219.1
Project("{FAE04EC0-301F-11D3-BF4B-00C04F79EFBC}") = "FindExpert", "FindExpert\FindExpert.csproj", "{72869559-A8DA-443D-A411-A531981C0A2C}"
EndProject
Global
	GlobalSection(SolutionConfigurationPlatforms) = preSolution
		Debug|Any CPU = Debug|Any CPU
		Release|Any CPU = Release|Any CPU
	EndGlobalSection
	GlobalSection(ProjectConfigurationPlatforms) = postSolution
		{72869559-A8DA-443D-A411-A531981C0A2C}.Debug|Any CPU.ActiveCfg = Debug|Any CPU
		{72869559-A8DA-443D-A411-A531981C0A2C}.Debug|Any CPU.Build.0 = Debug|Any CPU
		{72869559-A8DA-443D-A411-A531981C0A2C}.Release|Any CPU.ActiveCfg = Release|Any CPU
		{72869559-A8DA-443D-A411-A531981C0A2C}.Release|Any CPU.Build.0 = Release|Any CPU
	EndGlobalSection
	GlobalSection(SolutionProperties) = preSolution
		HideSolutionNode = FALSE
	EndGlobalSection
	GlobalSection(ExtensibilityGlobals) = postSolution
		SolutionGuid = {7CF88C23-D3A1-4B39-B499-09DEC5D4ECE5}
	EndGlobalSection
EndGlobal
